// !$*UTF8*$!
{
	archiveVersion = 1;
	classes = {
	};
	objectVersion = 52;
	objects = {

/* Begin PBXBuildFile section */
		106C6FE4253D6B39003DA9F3 /* SwiftUI__News_APIApp.swift in Sources */ = {isa = PBXBuildFile; fileRef = 106C6FE3253D6B39003DA9F3 /* SwiftUI__News_APIApp.swift */; };
		106C6FE6253D6B39003DA9F3 /* ContentView.swift in Sources */ = {isa = PBXBuildFile; fileRef = 106C6FE5253D6B39003DA9F3 /* ContentView.swift */; };
		106C6FE8253D6B3A003DA9F3 /* Assets.xcassets in Resources */ = {isa = PBXBuildFile; fileRef = 106C6FE7253D6B3A003DA9F3 /* Assets.xcassets */; };
		106C6FEB253D6B3A003DA9F3 /* Preview Assets.xcassets in Resources */ = {isa = PBXBuildFile; fileRef = 106C6FEA253D6B3A003DA9F3 /* Preview Assets.xcassets */; };
		106C6FF6253D6B3A003DA9F3 /* SwiftUI__News_APITests.swift in Sources */ = {isa = PBXBuildFile; fileRef = 106C6FF5253D6B3A003DA9F3 /* SwiftUI__News_APITests.swift */; };
		106C7001253D6B3B003DA9F3 /* SwiftUI__News_APIUITests.swift in Sources */ = {isa = PBXBuildFile; fileRef = 106C7000253D6B3B003DA9F3 /* SwiftUI__News_APIUITests.swift */; };
		106C7013253D6BCE003DA9F3 /* SwiftyJSON in Frameworks */ = {isa = PBXBuildFile; productRef = 106C7012253D6BCE003DA9F3 /* SwiftyJSON */; };
		106C701E253D6D93003DA9F3 /* Data.swift in Sources */ = {isa = PBXBuildFile; fileRef = 106C701D253D6D93003DA9F3 /* Data.swift */; };
		106C7024253D722E003DA9F3 /* SDWebImageSwiftUI in Frameworks */ = {isa = PBXBuildFile; productRef = 106C7023253D722E003DA9F3 /* SDWebImageSwiftUI */; };
/* End PBXBuildFile section */

/* Begin PBXContainerItemProxy section */
		106C6FF2253D6B3A003DA9F3 /* PBXContainerItemProxy */ = {
			isa = PBXContainerItemProxy;
			containerPortal = 106C6FD8253D6B39003DA9F3 /* Project object */;
			proxyType = 1;
			remoteGlobalIDString = 106C6FDF253D6B39003DA9F3;
			remoteInfo = "SwiftUI  News API";
		};
		106C6FFD253D6B3B003DA9F3 /* PBXContainerItemProxy */ = {
			isa = PBXContainerItemProxy;
			containerPortal = 106C6FD8253D6B39003DA9F3 /* Project object */;
			proxyType = 1;
			remoteGlobalIDString = 106C6FDF253D6B39003DA9F3;
			remoteInfo = "SwiftUI  News API";
		};
/* End PBXContainerItemProxy section */

/* Begin PBXFileReference section */
		106C6FE0253D6B39003DA9F3 /* SwiftUI  News API.app */ = {isa = PBXFileReference; explicitFileType = wrapper.application; includeInIndex = 0; path = "SwiftUI  News API.app"; sourceTree = BUILT_PRODUCTS_DIR; };
		106C6FE3253D6B39003DA9F3 /* SwiftUI__News_APIApp.swift */ = {isa = PBXFileReference; lastKnownFileType = sourcecode.swift; path = SwiftUI__News_APIApp.swift; sourceTree = "<group>"; };
		106C6FE5253D6B39003DA9F3 /* ContentView.swift */ = {isa = PBXFileReference; lastKnownFileType = sourcecode.swift; path = ContentView.swift; sourceTree = "<group>"; };
		106C6FE7253D6B3A003DA9F3 /* Assets.xcassets */ = {isa = PBXFileReference; lastKnownFileType = folder.assetcatalog; path = Assets.xcassets; sourceTree = "<group>"; };
		106C6FEA253D6B3A003DA9F3 /* Preview Assets.xcassets */ = {isa = PBXFileReference; lastKnownFileType = folder.assetcatalog; path = "Preview Assets.xcassets"; sourceTree = "<group>"; };
		106C6FEC253D6B3A003DA9F3 /* Info.plist */ = {isa = PBXFileReference; lastKnownFileType = text.plist.xml; path = Info.plist; sourceTree = "<group>"; };
		106C6FF1253D6B3A003DA9F3 /* SwiftUI  News APITests.xctest */ = {isa = PBXFileReference; explicitFileType = wrapper.cfbundle; includeInIndex = 0; path = "SwiftUI  News APITests.xctest"; sourceTree = BUILT_PRODUCTS_DIR; };
		106C6FF5253D6B3A003DA9F3 /* SwiftUI__News_APITests.swift */ = {isa = PBXFileReference; lastKnownFileType = sourcecode.swift; path = SwiftUI__News_APITests.swift; sourceTree = "<group>"; };
		106C6FF7253D6B3A003DA9F3 /* Info.plist */ = {isa = PBXFileReference; lastKnownFileType = text.plist.xml; path = Info.plist; sourceTree = "<group>"; };
		106C6FFC253D6B3B003DA9F3 /* SwiftUI  News APIUITests.xctest */ = {isa = PBXFileReference; explicitFileType = wrapper.cfbundle; includeInIndex = 0; path = "SwiftUI  News APIUITests.xctest"; sourceTree = BUILT_PRODUCTS_DIR; };
		106C7000253D6B3B003DA9F3 /* SwiftUI__News_APIUITests.swift */ = {isa = PBXFileReference; lastKnownFileType = sourcecode.swift; path = SwiftUI__News_APIUITests.swift; sourceTree = "<group>"; };
		106C7002253D6B3B003DA9F3 /* Info.plist */ = {isa = PBXFileReference; lastKnownFileType = text.plist.xml; path = Info.plist; sourceTree = "<group>"; };
		106C701D253D6D93003DA9F3 /* Data.swift */ = {isa = PBXFileReference; lastKnownFileType = sourcecode.swift; path = Data.swift; sourceTree = "<group>"; };
/* End PBXFileReference section */

/* Begin PBXFrameworksBuildPhase section */
		106C6FDD253D6B39003DA9F3 /* Frameworks */ = {
			isa = PBXFrameworksBuildPhase;
			buildActionMask = 2147483647;
			files = (
				106C7024253D722E003DA9F3 /* SDWebImageSwiftUI in Frameworks */,
				106C7013253D6BCE003DA9F3 /* SwiftyJSON in Frameworks */,
			);
			runOnlyForDeploymentPostprocessing = 0;
		};
		106C6FEE253D6B3A003DA9F3 /* Frameworks */ = {
			isa = PBXFrameworksBuildPhase;
			buildActionMask = 2147483647;
			files = (
			);
			runOnlyForDeploymentPostprocessing = 0;
		};
		106C6FF9253D6B3B003DA9F3 /* Frameworks */ = {
			isa = PBXFrameworksBuildPhase;
			buildActionMask = 2147483647;
			files = (
			);
			runOnlyForDeploymentPostprocessing = 0;
		};
/* End PBXFrameworksBuildPhase section */

/* Begin PBXGroup section */
		106C6FD7253D6B39003DA9F3 = {
			isa = PBXGroup;
			children = (
				106C6FE2253D6B39003DA9F3 /* SwiftUI  News API */,
				106C6FF4253D6B3A003DA9F3 /* SwiftUI  News APITests */,
				106C6FFF253D6B3B003DA9F3 /* SwiftUI  News APIUITests */,
				106C6FE1253D6B39003DA9F3 /* Products */,
			);
			sourceTree = "<group>";
		};
		106C6FE1253D6B39003DA9F3 /* Products */ = {
			isa = PBXGroup;
			children = (
				106C6FE0253D6B39003DA9F3 /* SwiftUI  News API.app */,
				106C6FF1253D6B3A003DA9F3 /* SwiftUI  News APITests.xctest */,
				106C6FFC253D6B3B003DA9F3 /* SwiftUI  News APIUITests.xctest */,
			);
			name = Products;
			sourceTree = "<group>";
		};
		106C6FE2253D6B39003DA9F3 /* SwiftUI  News API */ = {
			isa = PBXGroup;
			children = (
				106C6FE3253D6B39003DA9F3 /* SwiftUI__News_APIApp.swift */,
				106C6FE5253D6B39003DA9F3 /* ContentView.swift */,
				106C701D253D6D93003DA9F3 /* Data.swift */,
				106C6FE7253D6B3A003DA9F3 /* Assets.xcassets */,
				106C6FEC253D6B3A003DA9F3 /* Info.plist */,
				106C6FE9253D6B3A003DA9F3 /* Preview Content */,
			);
			path = "SwiftUI  News API";
			sourceTree = "<group>";
		};
		106C6FE9253D6B3A003DA9F3 /* Preview Content */ = {
			isa = PBXGroup;
			children = (
				106C6FEA253D6B3A003DA9F3 /* Preview Assets.xcassets */,
			);
			path = "Preview Content";
			sourceTree = "<group>";
		};
		106C6FF4253D6B3A003DA9F3 /* SwiftUI  News APITests */ = {
			isa = PBXGroup;
			children = (
				106C6FF5253D6B3A003DA9F3 /* SwiftUI__News_APITests.swift */,
				106C6FF7253D6B3A003DA9F3 /* Info.plist */,
			);
			path = "SwiftUI  News APITests";
			sourceTree = "<group>";
		};
		106C6FFF253D6B3B003DA9F3 /* SwiftUI  News APIUITests */ = {
			isa = PBXGroup;
			children = (
				106C7000253D6B3B003DA9F3 /* SwiftUI__News_APIUITests.swift */,
				106C7002253D6B3B003DA9F3 /* Info.plist */,
			);
			path = "SwiftUI  News APIUITests";
			sourceTree = "<group>";
		};
/* End PBXGroup section */

/* Begin PBXNativeTarget section */
		106C6FDF253D6B39003DA9F3 /* SwiftUI  News API */ = {
			isa = PBXNativeTarget;
			buildConfigurationList = 106C7005253D6B3B003DA9F3 /* Build configuration list for PBXNativeTarget "SwiftUI  News API" */;
			buildPhases = (
				106C6FDC253D6B39003DA9F3 /* Sources */,
				106C6FDD253D6B39003DA9F3 /* Frameworks */,
				106C6FDE253D6B39003DA9F3 /* Resources */,
			);
			buildRules = (
			);
			dependencies = (
			);
			name = "SwiftUI  News API";
			packageProductDependencies = (
				106C7012253D6BCE003DA9F3 /* SwiftyJSON */,
				106C7023253D722E003DA9F3 /* SDWebImageSwiftUI */,
			);
			productName = "SwiftUI  News API";
			productReference = 106C6FE0253D6B39003DA9F3 /* SwiftUI  News API.app */;
			productType = "com.apple.product-type.application";
		};
		106C6FF0253D6B3A003DA9F3 /* SwiftUI  News APITests */ = {
			isa = PBXNativeTarget;
			buildConfigurationList = 106C7008253D6B3B003DA9F3 /* Build configuration list for PBXNativeTarget "SwiftUI  News APITests" */;
			buildPhases = (
				106C6FED253D6B3A003DA9F3 /* Sources */,
				106C6FEE253D6B3A003DA9F3 /* Frameworks */,
				106C6FEF253D6B3A003DA9F3 /* Resources */,
			);
			buildRules = (
			);
			dependencies = (
				106C6FF3253D6B3A003DA9F3 /* PBXTargetDependency */,
			);
			name = "SwiftUI  News APITests";
			productName = "SwiftUI  News APITests";
			productReference = 106C6FF1253D6B3A003DA9F3 /* SwiftUI  News APITests.xctest */;
			productType = "com.apple.product-type.bundle.unit-test";
		};
		106C6FFB253D6B3B003DA9F3 /* SwiftUI  News APIUITests */ = {
			isa = PBXNativeTarget;
			buildConfigurationList = 106C700B253D6B3B003DA9F3 /* Build configuration list for PBXNativeTarget "SwiftUI  News APIUITests" */;
			buildPhases = (
				106C6FF8253D6B3B003DA9F3 /* Sources */,
				106C6FF9253D6B3B003DA9F3 /* Frameworks */,
				106C6FFA253D6B3B003DA9F3 /* Resources */,
			);
			buildRules = (
			);
			dependencies = (
				106C6FFE253D6B3B003DA9F3 /* PBXTargetDependency */,
			);
			name = "SwiftUI  News APIUITests";
			productName = "SwiftUI  News APIUITests";
			productReference = 106C6FFC253D6B3B003DA9F3 /* SwiftUI  News APIUITests.xctest */;
			productType = "com.apple.product-type.bundle.ui-testing";
		};
/* End PBXNativeTarget section */

/* Begin PBXProject section */
		106C6FD8253D6B39003DA9F3 /* Project object */ = {
			isa = PBXProject;
			attributes = {
				LastSwiftUpdateCheck = 1200;
				LastUpgradeCheck = 1200;
				TargetAttributes = {
					106C6FDF253D6B39003DA9F3 = {
						CreatedOnToolsVersion = 12.0.1;
					};
					106C6FF0253D6B3A003DA9F3 = {
						CreatedOnToolsVersion = 12.0.1;
						TestTargetID = 106C6FDF253D6B39003DA9F3;
					};
					106C6FFB253D6B3B003DA9F3 = {
						CreatedOnToolsVersion = 12.0.1;
						TestTargetID = 106C6FDF253D6B39003DA9F3;
					};
				};
			};
			buildConfigurationList = 106C6FDB253D6B39003DA9F3 /* Build configuration list for PBXProject "SwiftUI  News API" */;
			compatibilityVersion = "Xcode 9.3";
			developmentRegion = en;
			hasScannedForEncodings = 0;
			knownRegions = (
				en,
				Base,
			);
			mainGroup = 106C6FD7253D6B39003DA9F3;
			packageReferences = (
				106C7011253D6BCE003DA9F3 /* XCRemoteSwiftPackageReference "SwiftyJSON" */,
				106C7017253D6C2D003DA9F3 /* XCRemoteSwiftPackageReference "SDWebImage" */,
				106C7022253D722E003DA9F3 /* XCRemoteSwiftPackageReference "SDWebImageSwiftUI" */,
			);
			productRefGroup = 106C6FE1253D6B39003DA9F3 /* Products */;
			projectDirPath = "";
			projectRoot = "";
			targets = (
				106C6FDF253D6B39003DA9F3 /* SwiftUI  News API */,
				106C6FF0253D6B3A003DA9F3 /* SwiftUI  News APITests */,
				106C6FFB253D6B3B003DA9F3 /* SwiftUI  News APIUITests */,
			);
		};
/* End PBXProject section */

/* Begin PBXResourcesBuildPhase section */
		106C6FDE253D6B39003DA9F3 /* Resources */ = {
			isa = PBXResourcesBuildPhase;
			buildActionMask = 2147483647;
			files = (
				106C6FEB253D6B3A003DA9F3 /* Preview Assets.xcassets in Resources */,
				106C6FE8253D6B3A003DA9F3 /* Assets.xcassets in Resources */,
			);
			runOnlyForDeploymentPostprocessing = 0;
		};
		106C6FEF253D6B3A003DA9F3 /* Resources */ = {
			isa = PBXResourcesBuildPhase;
			buildActionMask = 2147483647;
			files = (
			);
			runOnlyForDeploymentPostprocessing = 0;
		};
		106C6FFA253D6B3B003DA9F3 /* Resources */ = {
			isa = PBXResourcesBuildPhase;
			buildActionMask = 2147483647;
			files = (
			);
			runOnlyForDeploymentPostprocessing = 0;
		};
/* End PBXResourcesBuildPhase section */

/* Begin PBXSourcesBuildPhase section */
		106C6FDC253D6B39003DA9F3 /* Sources */ = {
			isa = PBXSourcesBuildPhase;
			buildActionMask = 2147483647;
			files = (
				106C6FE6253D6B39003DA9F3 /* ContentView.swift in Sources */,
				106C701E253D6D93003DA9F3 /* Data.swift in Sources */,
				106C6FE4253D6B39003DA9F3 /* SwiftUI__News_APIApp.swift in Sources */,
			);
			runOnlyForDeploymentPostprocessing = 0;
		};
		106C6FED253D6B3A003DA9F3 /* Sources */ = {
			isa = PBXSourcesBuildPhase;
			buildActionMask = 2147483647;
			files = (
				106C6FF6253D6B3A003DA9F3 /* SwiftUI__News_APITests.swift in Sources */,
			);
			runOnlyForDeploymentPostprocessing = 0;
		};
		106C6FF8253D6B3B003DA9F3 /* Sources */ = {
			isa = PBXSourcesBuildPhase;
			buildActionMask = 2147483647;
			files = (
				106C7001253D6B3B003DA9F3 /* SwiftUI__News_APIUITests.swift in Sources */,
			);
			runOnlyForDeploymentPostprocessing = 0;
		};
/* End PBXSourcesBuildPhase section */

/* Begin PBXTargetDependency section */
		106C6FF3253D6B3A003DA9F3 /* PBXTargetDependency */ = {
			isa = PBXTargetDependency;
			target = 106C6FDF253D6B39003DA9F3 /* SwiftUI  News API */;
			targetProxy = 106C6FF2253D6B3A003DA9F3 /* PBXContainerItemProxy */;
		};
		106C6FFE253D6B3B003DA9F3 /* PBXTargetDependency */ = {
			isa = PBXTargetDependency;
			target = 106C6FDF253D6B39003DA9F3 /* SwiftUI  News API */;
			targetProxy = 106C6FFD253D6B3B003DA9F3 /* PBXContainerItemProxy */;
		};
/* End PBXTargetDependency section */

/* Begin XCBuildConfiguration section */
		106C7003253D6B3B003DA9F3 /* Debug */ = {
			isa = XCBuildConfiguration;
			buildSettings = {
				ALWAYS_SEARCH_USER_PATHS = NO;
				CLANG_ANALYZER_NONNULL = YES;
				CLANG_ANALYZER_NUMBER_OBJECT_CONVERSION = YES_AGGRESSIVE;
				CLANG_CXX_LANGUAGE_STANDARD = "gnu++14";
				CLANG_CXX_LIBRARY = "libc++";
				CLANG_ENABLE_MODULES = YES;
				CLANG_ENABLE_OBJC_ARC = YES;
				CLANG_ENABLE_OBJC_WEAK = YES;
				CLANG_WARN_BLOCK_CAPTURE_AUTORELEASING = YES;
				CLANG_WARN_BOOL_CONVERSION = YES;
				CLANG_WARN_COMMA = YES;
				CLANG_WARN_CONSTANT_CONVERSION = YES;
				CLANG_WARN_DEPRECATED_OBJC_IMPLEMENTATIONS = YES;
				CLANG_WARN_DIRECT_OBJC_ISA_USAGE = YES_ERROR;
				CLANG_WARN_DOCUMENTATION_COMMENTS = YES;
				CLANG_WARN_EMPTY_BODY = YES;
				CLANG_WARN_ENUM_CONVERSION = YES;
				CLANG_WARN_INFINITE_RECURSION = YES;
				CLANG_WARN_INT_CONVERSION = YES;
				CLANG_WARN_NON_LITERAL_NULL_CONVERSION = YES;
				CLANG_WARN_OBJC_IMPLICIT_RETAIN_SELF = YES;
				CLANG_WARN_OBJC_LITERAL_CONVERSION = YES;
				CLANG_WARN_OBJC_ROOT_CLASS = YES_ERROR;
				CLANG_WARN_QUOTED_INCLUDE_IN_FRAMEWORK_HEADER = YES;
				CLANG_WARN_RANGE_LOOP_ANALYSIS = YES;
				CLANG_WARN_STRICT_PROTOTYPES = YES;
				CLANG_WARN_SUSPICIOUS_MOVE = YES;
				CLANG_WARN_UNGUARDED_AVAILABILITY = YES_AGGRESSIVE;
				CLANG_WARN_UNREACHABLE_CODE = YES;
				CLANG_WARN__DUPLICATE_METHOD_MATCH = YES;
				COPY_PHASE_STRIP = NO;
				DEBUG_INFORMATION_FORMAT = dwarf;
				ENABLE_STRICT_OBJC_MSGSEND = YES;
				ENABLE_TESTABILITY = YES;
				GCC_C_LANGUAGE_STANDARD = gnu11;
				GCC_DYNAMIC_NO_PIC = NO;
				GCC_NO_COMMON_BLOCKS = YES;
				GCC_OPTIMIZATION_LEVEL = 0;
				GCC_PREPROCESSOR_DEFINITIONS = (
					"DEBUG=1",
					"$(inherited)",
				);
				GCC_WARN_64_TO_32_BIT_CONVERSION = YES;
				GCC_WARN_ABOUT_RETURN_TYPE = YES_ERROR;
				GCC_WARN_UNDECLARED_SELECTOR = YES;
				GCC_WARN_UNINITIALIZED_AUTOS = YES_AGGRESSIVE;
				GCC_WARN_UNUSED_FUNCTION = YES;
				GCC_WARN_UNUSED_VARIABLE = YES;
				IPHONEOS_DEPLOYMENT_TARGET = 14.0;
				MTL_ENABLE_DEBUG_INFO = INCLUDE_SOURCE;
				MTL_FAST_MATH = YES;
				ONLY_ACTIVE_ARCH = YES;
				SDKROOT = iphoneos;
				SWIFT_ACTIVE_COMPILATION_CONDITIONS = DEBUG;
				SWIFT_OPTIMIZATION_LEVEL = "-Onone";
			};
			name = Debug;
		};
		106C7004253D6B3B003DA9F3 /* Release */ = {
			isa = XCBuildConfiguration;
			buildSettings = {
				ALWAYS_SEARCH_USER_PATHS = NO;
				CLANG_ANALYZER_NONNULL = YES;
				CLANG_ANALYZER_NUMBER_OBJECT_CONVERSION = YES_AGGRESSIVE;
				CLANG_CXX_LANGUAGE_STANDARD = "gnu++14";
				CLANG_CXX_LIBRARY = "libc++";
				CLANG_ENABLE_MODULES = YES;
				CLANG_ENABLE_OBJC_ARC = YES;
				CLANG_ENABLE_OBJC_WEAK = YES;
				CLANG_WARN_BLOCK_CAPTURE_AUTORELEASING = YES;
				CLANG_WARN_BOOL_CONVERSION = YES;
				CLANG_WARN_COMMA = YES;
				CLANG_WARN_CONSTANT_CONVERSION = YES;
				CLANG_WARN_DEPRECATED_OBJC_IMPLEMENTATIONS = YES;
				CLANG_WARN_DIRECT_OBJC_ISA_USAGE = YES_ERROR;
				CLANG_WARN_DOCUMENTATION_COMMENTS = YES;
				CLANG_WARN_EMPTY_BODY = YES;
				CLANG_WARN_ENUM_CONVERSION = YES;
				CLANG_WARN_INFINITE_RECURSION = YES;
				CLANG_WARN_INT_CONVERSION = YES;
				CLANG_WARN_NON_LITERAL_NULL_CONVERSION = YES;
				CLANG_WARN_OBJC_IMPLICIT_RETAIN_SELF = YES;
				CLANG_WARN_OBJC_LITERAL_CONVERSION = YES;
				CLANG_WARN_OBJC_ROOT_CLASS = YES_ERROR;
				CLANG_WARN_QUOTED_INCLUDE_IN_FRAMEWORK_HEADER = YES;
				CLANG_WARN_RANGE_LOOP_ANALYSIS = YES;
				CLANG_WARN_STRICT_PROTOTYPES = YES;
				CLANG_WARN_SUSPICIOUS_MOVE = YES;
				CLANG_WARN_UNGUARDED_AVAILABILITY = YES_AGGRESSIVE;
				CLANG_WARN_UNREACHABLE_CODE = YES;
				CLANG_WARN__DUPLICATE_METHOD_MATCH = YES;
				COPY_PHASE_STRIP = NO;
				DEBUG_INFORMATION_FORMAT = "dwarf-with-dsym";
				ENABLE_NS_ASSERTIONS = NO;
				ENABLE_STRICT_OBJC_MSGSEND = YES;
				GCC_C_LANGUAGE_STANDARD = gnu11;
				GCC_NO_COMMON_BLOCKS = YES;
				GCC_WARN_64_TO_32_BIT_CONVERSION = YES;
				GCC_WARN_ABOUT_RETURN_TYPE = YES_ERROR;
				GCC_WARN_UNDECLARED_SELECTOR = YES;
				GCC_WARN_UNINITIALIZED_AUTOS = YES_AGGRESSIVE;
				GCC_WARN_UNUSED_FUNCTION = YES;
				GCC_WARN_UNUSED_VARIABLE = YES;
				IPHONEOS_DEPLOYMENT_TARGET = 14.0;
				MTL_ENABLE_DEBUG_INFO = NO;
				MTL_FAST_MATH = YES;
				SDKROOT = iphoneos;
				SWIFT_COMPILATION_MODE = wholemodule;
				SWIFT_OPTIMIZATION_LEVEL = "-O";
				VALIDATE_PRODUCT = YES;
			};
			name = Release;
		};
		106C7006253D6B3B003DA9F3 /* Debug */ = {
			isa = XCBuildConfiguration;
			buildSettings = {
				ASSETCATALOG_COMPILER_APPICON_NAME = AppIcon;
				ASSETCATALOG_COMPILER_GLOBAL_ACCENT_COLOR_NAME = AccentColor;
				CODE_SIGN_STYLE = Automatic;
				DEVELOPMENT_ASSET_PATHS = "\"SwiftUI  News API/Preview Content\"";
				DEVELOPMENT_TEAM = 28FY2PHCA4;
				ENABLE_PREVIEWS = YES;
				INFOPLIST_FILE = "SwiftUI  News API/Info.plist";
				IPHONEOS_DEPLOYMENT_TARGET = 14.0;
				LD_RUNPATH_SEARCH_PATHS = (
					"$(inherited)",
					"@executable_path/Frameworks",
				);
				PRODUCT_BUNDLE_IDENTIFIER = "elhajjaji.SwiftUI--News-API";
				PRODUCT_NAME = "$(TARGET_NAME)";
				SWIFT_VERSION = 5.0;
				TARGETED_DEVICE_FAMILY = "1,2";
			};
			name = Debug;
		};
		106C7007253D6B3B003DA9F3 /* Release */ = {
			isa = XCBuildConfiguration;
			buildSettings = {
				ASSETCATALOG_COMPILER_APPICON_NAME = AppIcon;
				ASSETCATALOG_COMPILER_GLOBAL_ACCENT_COLOR_NAME = AccentColor;
				CODE_SIGN_STYLE = Automatic;
				DEVELOPMENT_ASSET_PATHS = "\"SwiftUI  News API/Preview Content\"";
				DEVELOPMENT_TEAM = 28FY2PHCA4;
				ENABLE_PREVIEWS = YES;
				INFOPLIST_FILE = "SwiftUI  News API/Info.plist";
				IPHONEOS_DEPLOYMENT_TARGET = 14.0;
				LD_RUNPATH_SEARCH_PATHS = (
					"$(inherited)",
					"@executable_path/Frameworks",
				);
				PRODUCT_BUNDLE_IDENTIFIER = "elhajjaji.SwiftUI--News-API";
				PRODUCT_NAME = "$(TARGET_NAME)";
				SWIFT_VERSION = 5.0;
				TARGETED_DEVICE_FAMILY = "1,2";
			};
			name = Release;
		};
		106C7009253D6B3B003DA9F3 /* Debug */ = {
			isa = XCBuildConfiguration;
			buildSettings = {
				ALWAYS_EMBED_SWIFT_STANDARD_LIBRARIES = YES;
				BUNDLE_LOADER = "$(TEST_HOST)";
				CODE_SIGN_STYLE = Automatic;
				DEVELOPMENT_TEAM = 28FY2PHCA4;
				INFOPLIST_FILE = "SwiftUI  News APITests/Info.plist";
				IPHONEOS_DEPLOYMENT_TARGET = 14.0;
				LD_RUNPATH_SEARCH_PATHS = (
					"$(inherited)",
					"@executable_path/Frameworks",
					"@loader_path/Frameworks",
				);
				PRODUCT_BUNDLE_IDENTIFIER = "elhajjaji.SwiftUI--News-APITests";
				PRODUCT_NAME = "$(TARGET_NAME)";
				SWIFT_VERSION = 5.0;
				TARGETED_DEVICE_FAMILY = "1,2";
				TEST_HOST = "$(BUILT_PRODUCTS_DIR)/SwiftUI  News API.app/SwiftUI  News API";
			};
			name = Debug;
		};
		106C700A253D6B3B003DA9F3 /* Release */ = {
			isa = XCBuildConfiguration;
			buildSettings = {
				ALWAYS_EMBED_SWIFT_STANDARD_LIBRARIES = YES;
				BUNDLE_LOADER = "$(TEST_HOST)";
				CODE_SIGN_STYLE = Automatic;
				DEVELOPMENT_TEAM = 28FY2PHCA4;
				INFOPLIST_FILE = "SwiftUI  News APITests/Info.plist";
				IPHONEOS_DEPLOYMENT_TARGET = 14.0;
				LD_RUNPATH_SEARCH_PATHS = (
					"$(inherited)",
					"@executable_path/Frameworks",
					"@loader_path/Frameworks",
				);
				PRODUCT_BUNDLE_IDENTIFIER = "elhajjaji.SwiftUI--News-APITests";
				PRODUCT_NAME = "$(TARGET_NAME)";
				SWIFT_VERSION = 5.0;
				TARGETED_DEVICE_FAMILY = "1,2";
				TEST_HOST = "$(BUILT_PRODUCTS_DIR)/SwiftUI  News API.app/SwiftUI  News API";
			};
			name = Release;
		};
		106C700C253D6B3B003DA9F3 /* Debug */ = {
			isa = XCBuildConfiguration;
			buildSettings = {
				ALWAYS_EMBED_SWIFT_STANDARD_LIBRARIES = YES;
				CODE_SIGN_STYLE = Automatic;
				DEVELOPMENT_TEAM = 28FY2PHCA4;
				INFOPLIST_FILE = "SwiftUI  News APIUITests/Info.plist";
				LD_RUNPATH_SEARCH_PATHS = (
					"$(inherited)",
					"@executable_path/Frameworks",
					"@loader_path/Frameworks",
				);
				PRODUCT_BUNDLE_IDENTIFIER = "elhajjaji.SwiftUI--News-APIUITests";
				PRODUCT_NAME = "$(TARGET_NAME)";
				SWIFT_VERSION = 5.0;
				TARGETED_DEVICE_FAMILY = "1,2";
				TEST_TARGET_NAME = "SwiftUI  News API";
			};
			name = Debug;
		};
		106C700D253D6B3B003DA9F3 /* Release */ = {
			isa = XCBuildConfiguration;
			buildSettings = {
				ALWAYS_EMBED_SWIFT_STANDARD_LIBRARIES = YES;
				CODE_SIGN_STYLE = Automatic;
				DEVELOPMENT_TEAM = 28FY2PHCA4;
				INFOPLIST_FILE = "SwiftUI  News APIUITests/Info.plist";
				LD_RUNPATH_SEARCH_PATHS = (
					"$(inherited)",
					"@executable_path/Frameworks",
					"@loader_path/Frameworks",
				);
				PRODUCT_BUNDLE_IDENTIFIER = "elhajjaji.SwiftUI--News-APIUITests";
				PRODUCT_NAME = "$(TARGET_NAME)";
				SWIFT_VERSION = 5.0;
				TARGETED_DEVICE_FAMILY = "1,2";
				TEST_TARGET_NAME = "SwiftUI  News API";
			};
			name = Release;
		};
/* End XCBuildConfiguration section */

/* Begin XCConfigurationList section */
		106C6FDB253D6B39003DA9F3 /* Build configuration list for PBXProject "SwiftUI  News API" */ = {
			isa = XCConfigurationList;
			buildConfigurations = (
				106C7003253D6B3B003DA9F3 /* Debug */,
				106C7004253D6B3B003DA9F3 /* Release */,
			);
			defaultConfigurationIsVisible = 0;
			defaultConfigurationName = Release;
		};
		106C7005253D6B3B003DA9F3 /* Build configuration list for PBXNativeTarget "SwiftUI  News API" */ = {
			isa = XCConfigurationList;
			buildConfigurations = (
				106C7006253D6B3B003DA9F3 /* Debug */,
				106C7007253D6B3B003DA9F3 /* Release */,
			);
			defaultConfigurationIsVisible = 0;
			defaultConfigurationName = Release;
		};
		106C7008253D6B3B003DA9F3 /* Build configuration list for PBXNativeTarget "SwiftUI  News APITests" */ = {
			isa = XCConfigurationList;
			buildConfigurations = (
				106C7009253D6B3B003DA9F3 /* Debug */,
				106C700A253D6B3B003DA9F3 /* Release */,
			);
			defaultConfigurationIsVisible = 0;
			defaultConfigurationName = Release;
		};
		106C700B253D6B3B003DA9F3 /* Build configuration list for PBXNativeTarget "SwiftUI  News APIUITests" */ = {
			isa = XCConfigurationList;
			buildConfigurations = (
				106C700C253D6B3B003DA9F3 /* Debug */,
				106C700D253D6B3B003DA9F3 /* Release */,
			);
			defaultConfigurationIsVisible = 0;
			defaultConfigurationName = Release;
		};
/* End XCConfigurationList section */

/* Begin XCRemoteSwiftPackageReference section */
		106C7011253D6BCE003DA9F3 /* XCRemoteSwiftPackageReference "SwiftyJSON" */ = {
			isa = XCRemoteSwiftPackageReference;
			repositoryURL = "https://github.com/SwiftyJSON/SwiftyJSON.git";
			requirement = {
				kind = upToNextMajorVersion;
				minimumVersion = 5.0.0;
			};
		};
		106C7017253D6C2D003DA9F3 /* XCRemoteSwiftPackageReference "SDWebImage" */ = {
			isa = XCRemoteSwiftPackageReference;
			repositoryURL = "https://github.com/SDWebImage/SDWebImage.git";
			requirement = {
				kind = upToNextMajorVersion;
				minimumVersion = 5.9.3;
			};
		};
		106C7022253D722E003DA9F3 /* XCRemoteSwiftPackageReference "SDWebImageSwiftUI" */ = {
			isa = XCRemoteSwiftPackageReference;
			repositoryURL = "https://github.com/SDWebImage/SDWebImageSwiftUI";
			requirement = {
				kind = upToNextMajorVersion;
				minimumVersion = 1.5.0;
			};
		};
/* End XCRemoteSwiftPackageReference section */

/* Begin XCSwiftPackageProductDependency section */
		106C7012253D6BCE003DA9F3 /* SwiftyJSON */ = {
			isa = XCSwiftPackageProductDependency;
			package = 106C7011253D6BCE003DA9F3 /* XCRemoteSwiftPackageReference "SwiftyJSON" */;
			productName = SwiftyJSON;
		};
		106C7023253D722E003DA9F3 /* SDWebImageSwiftUI */ = {
			isa = XCSwiftPackageProductDependency;
			package = 106C7022253D722E003DA9F3 /* XCRemoteSwiftPackageReference "SDWebImageSwiftUI" */;
			productName = SDWebImageSwiftUI;
		};
/* End XCSwiftPackageProductDependency section */
	};
	rootObject = 106C6FD8253D6B39003DA9F3 /* Project object */;
}
